
Microsoft Visual Studio Solution File, Format Version 12.00
# Visual Studio 15
VisualStudioVersion = 15.0.28307.705
MinimumVisualStudioVersion = 10.0.40219.1
Project("{FAE04EC0-301F-11D3-BF4B-00C04F79EFBC}") = "employee", "employee\employee.csproj", "{93C1D3C2-EED2-4659-9F3F-04E06E360BA0}"
EndProject
Global
	GlobalSection(SolutionConfigurationPlatforms) = preSolution
		Debug|Any CPU = Debug|Any CPU
		Release|Any CPU = Release|Any CPU
	EndGlobalSection
	GlobalSection(ProjectConfigurationPlatforms) = postSolution
		{93C1D3C2-EED2-4659-9F3F-04E06E360BA0}.Debug|Any CPU.ActiveCfg = Debug|Any CPU
		{93C1D3C2-EED2-4659-9F3F-04E06E360BA0}.Debug|Any CPU.Build.0 = Debug|Any CPU
		{93C1D3C2-EED2-4659-9F3F-04E06E360BA0}.Release|Any CPU.ActiveCfg = Release|Any CPU
		{93C1D3C2-EED2-4659-9F3F-04E06E360BA0}.Release|Any CPU.Build.0 = Release|Any CPU
	EndGlobalSection
	GlobalSection(SolutionProperties) = preSolution
		HideSolutionNode = FALSE
	EndGlobalSection
	GlobalSection(ExtensibilityGlobals) = postSolution
		SolutionGuid = {4609F48F-5409-4D6C-B2AB-4C855D1337CA}
	EndGlobalSection
EndGlobal
